
Microsoft Visual Studio Solution File, Format Version 12.00
# Visual Studio Version 16
VisualStudioVersion = 16.0.30804.86
MinimumVisualStudioVersion = 10.0.40219.1
Project("{FAE04EC0-301F-11D3-BF4B-00C04F79EFBC}") = "FenerbahceUniform", "FenerbahceUniform\FenerbahceUniform.csproj", "{8312C69C-DE83-49EA-9ABE-90BD213C343A}"
EndProject
Global
	GlobalSection(SolutionConfigurationPlatforms) = preSolution
		Debug|Any CPU = Debug|Any CPU
		Release|Any CPU = Release|Any CPU
	EndGlobalSection
	GlobalSection(ProjectConfigurationPlatforms) = postSolution
		{8312C69C-DE83-49EA-9ABE-90BD213C343A}.Debug|Any CPU.ActiveCfg = Debug|Any CPU
		{8312C69C-DE83-49EA-9ABE-90BD213C343A}.Debug|Any CPU.Build.0 = Debug|Any CPU
		{8312C69C-DE83-49EA-9ABE-90BD213C343A}.Release|Any CPU.ActiveCfg = Release|Any CPU
		{8312C69C-DE83-49EA-9ABE-90BD213C343A}.Release|Any CPU.Build.0 = Release|Any CPU
	EndGlobalSection
	GlobalSection(SolutionProperties) = preSolution
		HideSolutionNode = FALSE
	EndGlobalSection
	GlobalSection(ExtensibilityGlobals) = postSolution
		SolutionGuid = {E84FE987-E5E6-43D0-B809-5299544B33D6}
	EndGlobalSection
EndGlobal
